
Microsoft Visual Studio Solution File, Format Version 12.00
# Visual Studio 14
VisualStudioVersion = 14.0.25123.0
MinimumVisualStudioVersion = 10.0.40219.1
Project("{FAE04EC0-301F-11D3-BF4B-00C04F79EFBC}") = "Mentor", "Mentor\Mentor\Mentor.csproj", "{469E973F-7A23-4E5E-A5CD-9563F2F28838}"
EndProject
Project("{FAE04EC0-301F-11D3-BF4B-00C04F79EFBC}") = "Mentor.Droid", "Mentor\Mentor.Droid\Mentor.Droid.csproj", "{418CB2C8-2B20-401D-9D10-C424DFEFA023}"
EndProject
Project("{FAE04EC0-301F-11D3-BF4B-00C04F79EFBC}") = "Mentor.iOS", "Mentor\Mentor.iOS\Mentor.iOS.csproj", "{79CCFE1B-D851-429F-8EEF-59CB96E7D832}"
EndProject
Project("{FAE04EC0-301F-11D3-BF4B-00C04F79EFBC}") = "Mentor.WinPhone", "Mentor\Mentor.WinPhone\Mentor.WinPhone.csproj", "{1AF85353-BC9B-4830-8FD4-00F82B984A2C}"
EndProject
Project("{FAE04EC0-301F-11D3-BF4B-00C04F79EFBC}") = "Mentor.Windows", "Mentor\Mentor.Windows\Mentor.Windows.csproj", "{24E9739E-AED2-41FB-AFB6-15741C52A720}"
EndProject
Global
	GlobalSection(SolutionConfigurationPlatforms) = preSolution
		Ad-Hoc|Any CPU = Ad-Hoc|Any CPU
		Ad-Hoc|ARM = Ad-Hoc|ARM
		Ad-Hoc|iPhone = Ad-Hoc|iPhone
		Ad-Hoc|iPhoneSimulator = Ad-Hoc|iPhoneSimulator
		Ad-Hoc|x64 = Ad-Hoc|x64
		Ad-Hoc|x86 = Ad-Hoc|x86
		AppStore|Any CPU = AppStore|Any CPU
		AppStore|ARM = AppStore|ARM
		AppStore|iPhone = AppStore|iPhone
		AppStore|iPhoneSimulator = AppStore|iPhoneSimulator
		AppStore|x64 = AppStore|x64
		AppStore|x86 = AppStore|x86
		Debug|Any CPU = Debug|Any CPU
		Debug|ARM = Debug|ARM
		Debug|iPhone = Debug|iPhone
		Debug|iPhoneSimulator = Debug|iPhoneSimulator
		Debug|x64 = Debug|x64
		Debug|x86 = Debug|x86
		Release|Any CPU = Release|Any CPU
		Release|ARM = Release|ARM
		Release|iPhone = Release|iPhone
		Release|iPhoneSimulator = Release|iPhoneSimulator
		Release|x64 = Release|x64
		Release|x86 = Release|x86
	EndGlobalSection
	GlobalSection(ProjectConfigurationPlatforms) = postSolution
		{469E973F-7A23-4E5E-A5CD-9563F2F28838}.Ad-Hoc|Any CPU.ActiveCfg = Release|Any CPU
		{469E973F-7A23-4E5E-A5CD-9563F2F28838}.Ad-Hoc|Any CPU.Build.0 = Release|Any CPU
		{469E973F-7A23-4E5E-A5CD-9563F2F28838}.Ad-Hoc|ARM.ActiveCfg = Release|Any CPU
		{469E973F-7A23-4E5E-A5CD-9563F2F28838}.Ad-Hoc|ARM.Build.0 = Release|Any CPU
		{469E973F-7A23-4E5E-A5CD-9563F2F28838}.Ad-Hoc|iPhone.ActiveCfg = Release|Any CPU
		{469E973F-7A23-4E5E-A5CD-9563F2F28838}.Ad-Hoc|iPhone.Build.0 = Release|Any CPU
		{469E973F-7A23-4E5E-A5CD-9563F2F28838}.Ad-Hoc|iPhoneSimulator.ActiveCfg = Release|Any CPU
		{469E973F-7A23-4E5E-A5CD-9563F2F28838}.Ad-Hoc|iPhoneSimulator.Build.0 = Release|Any CPU
		{469E973F-7A23-4E5E-A5CD-9563F2F28838}.Ad-Hoc|x64.ActiveCfg = Release|Any CPU
		{469E973F-7A23-4E5E-A5CD-9563F2F28838}.Ad-Hoc|x64.Build.0 = Release|Any CPU
		{469E973F-7A23-4E5E-A5CD-9563F2F28838}.Ad-Hoc|x86.ActiveCfg = Release|Any CPU
		{469E973F-7A23-4E5E-A5CD-9563F2F28838}.Ad-Hoc|x86.Build.0 = Release|Any CPU
		{469E973F-7A23-4E5E-A5CD-9563F2F28838}.AppStore|Any CPU.ActiveCfg = Release|Any CPU
		{469E973F-7A23-4E5E-A5CD-9563F2F28838}.AppStore|Any CPU.Build.0 = Release|Any CPU
		{469E973F-7A23-4E5E-A5CD-9563F2F28838}.AppStore|ARM.ActiveCfg = Release|Any CPU
		{469E973F-7A23-4E5E-A5CD-9563F2F28838}.AppStore|ARM.Build.0 = Release|Any CPU
		{469E973F-7A23-4E5E-A5CD-9563F2F28838}.AppStore|iPhone.ActiveCfg = Release|Any CPU
		{469E973F-7A23-4E5E-A5CD-9563F2F28838}.AppStore|iPhone.Build.0 = Release|Any CPU
		{469E973F-7A23-4E5E-A5CD-9563F2F28838}.AppStore|iPhoneSimulator.ActiveCfg = Release|Any CPU
		{469E973F-7A23-4E5E-A5CD-9563F2F28838}.AppStore|iPhoneSimulator.Build.0 = Release|Any CPU
		{469E973F-7A23-4E5E-A5CD-9563F2F28838}.AppStore|x64.ActiveCfg = Release|Any CPU
		{469E973F-7A23-4E5E-A5CD-9563F2F28838}.AppStore|x64.Build.0 = Release|Any CPU
		{469E973F-7A23-4E5E-A5CD-9563F2F28838}.AppStore|x86.ActiveCfg = Release|Any CPU
		{469E973F-7A23-4E5E-A5CD-9563F2F28838}.AppStore|x86.Build.0 = Release|Any CPU
		{469E973F-7A23-4E5E-A5CD-9563F2F28838}.Debug|Any CPU.ActiveCfg = Debug|Any CPU
		{469E973F-7A23-4E5E-A5CD-9563F2F28838}.Debug|Any CPU.Build.0 = Debug|Any CPU
		{469E973F-7A23-4E5E-A5CD-9563F2F28838}.Debug|ARM.ActiveCfg = Debug|Any CPU
		{469E973F-7A23-4E5E-A5CD-9563F2F28838}.Debug|ARM.Build.0 = Debug|Any CPU
		{469E973F-7A23-4E5E-A5CD-9563F2F28838}.Debug|iPhone.ActiveCfg = Debug|Any CPU
		{469E973F-7A23-4E5E-A5CD-9563F2F28838}.Debug|iPhone.Build.0 = Debug|Any CPU
		{469E973F-7A23-4E5E-A5CD-9563F2F28838}.Debug|iPhoneSimulator.ActiveCfg = Debug|Any CPU
		{469E973F-7A23-4E5E-A5CD-9563F2F28838}.Debug|iPhoneSimulator.Build.0 = Debug|Any CPU
		{469E973F-7A23-4E5E-A5CD-9563F2F28838}.Debug|x64.ActiveCfg = Debug|Any CPU
		{469E973F-7A23-4E5E-A5CD-9563F2F28838}.Debug|x64.Build.0 = Debug|Any CPU
		{469E973F-7A23-4E5E-A5CD-9563F2F28838}.Debug|x86.ActiveCfg = Debug|Any CPU
		{469E973F-7A23-4E5E-A5CD-9563F2F28838}.Debug|x86.Build.0 = Debug|Any CPU
		{469E973F-7A23-4E5E-A5CD-9563F2F28838}.Release|Any CPU.ActiveCfg = Release|Any CPU
		{469E973F-7A23-4E5E-A5CD-9563F2F28838}.Release|Any CPU.Build.0 = Release|Any CPU
		{469E973F-7A23-4E5E-A5CD-9563F2F28838}.Release|ARM.ActiveCfg = Release|Any CPU
		{469E973F-7A23-4E5E-A5CD-9563F2F28838}.Release|ARM.Build.0 = Release|Any CPU
		{469E973F-7A23-4E5E-A5CD-9563F2F28838}.Release|iPhone.ActiveCfg = Release|Any CPU
		{469E973F-7A23-4E5E-A5CD-9563F2F28838}.Release|iPhone.Build.0 = Release|Any CPU
		{469E973F-7A23-4E5E-A5CD-9563F2F28838}.Release|iPhoneSimulator.ActiveCfg = Release|Any CPU
		{469E973F-7A23-4E5E-A5CD-9563F2F28838}.Release|iPhoneSimulator.Build.0 = Release|Any CPU
		{469E973F-7A23-4E5E-A5CD-9563F2F28838}.Release|x64.ActiveCfg = Release|Any CPU
		{469E973F-7A23-4E5E-A5CD-9563F2F28838}.Release|x64.Build.0 = Release|Any CPU
		{469E973F-7A23-4E5E-A5CD-9563F2F28838}.Release|x86.ActiveCfg = Release|Any CPU
		{469E973F-7A23-4E5E-A5CD-9563F2F28838}.Release|x86.Build.0 = Release|Any CPU
		{418CB2C8-2B20-401D-9D10-C424DFEFA023}.Ad-Hoc|Any CPU.ActiveCfg = Release|Any CPU
		{418CB2C8-2B20-401D-9D10-C424DFEFA023}.Ad-Hoc|Any CPU.Build.0 = Release|Any CPU
		{418CB2C8-2B20-401D-9D10-C424DFEFA023}.Ad-Hoc|Any CPU.Deploy.0 = Release|Any CPU
		{418CB2C8-2B20-401D-9D10-C424DFEFA023}.Ad-Hoc|ARM.ActiveCfg = Release|Any CPU
		{418CB2C8-2B20-401D-9D10-C424DFEFA023}.Ad-Hoc|ARM.Build.0 = Release|Any CPU
		{418CB2C8-2B20-401D-9D10-C424DFEFA023}.Ad-Hoc|ARM.Deploy.0 = Release|Any CPU
		{418CB2C8-2B20-401D-9D10-C424DFEFA023}.Ad-Hoc|iPhone.ActiveCfg = Release|Any CPU
		{418CB2C8-2B20-401D-9D10-C424DFEFA023}.Ad-Hoc|iPhone.Build.0 = Release|Any CPU
		{418CB2C8-2B20-401D-9D10-C424DFEFA023}.Ad-Hoc|iPhone.Deploy.0 = Release|Any CPU
		{418CB2C8-2B20-401D-9D10-C424DFEFA023}.Ad-Hoc|iPhoneSimulator.ActiveCfg = Release|Any CPU
		{418CB2C8-2B20-401D-9D10-C424DFEFA023}.Ad-Hoc|iPhoneSimulator.Build.0 = Release|Any CPU
		{418CB2C8-2B20-401D-9D10-C424DFEFA023}.Ad-Hoc|iPhoneSimulator.Deploy.0 = Release|Any CPU
		{418CB2C8-2B20-401D-9D10-C424DFEFA023}.Ad-Hoc|x64.ActiveCfg = Release|Any CPU
		{418CB2C8-2B20-401D-9D10-C424DFEFA023}.Ad-Hoc|x64.Build.0 = Release|Any CPU
		{418CB2C8-2B20-401D-9D10-C424DFEFA023}.Ad-Hoc|x64.Deploy.0 = Release|Any CPU
		{418CB2C8-2B20-401D-9D10-C424DFEFA023}.Ad-Hoc|x86.ActiveCfg = Release|Any CPU
		{418CB2C8-2B20-401D-9D10-C424DFEFA023}.Ad-Hoc|x86.Build.0 = Release|Any CPU
		{418CB2C8-2B20-401D-9D10-C424DFEFA023}.Ad-Hoc|x86.Deploy.0 = Release|Any CPU
		{418CB2C8-2B20-401D-9D10-C424DFEFA023}.AppStore|Any CPU.ActiveCfg = Release|Any CPU
		{418CB2C8-2B20-401D-9D10-C424DFEFA023}.AppStore|Any CPU.Build.0 = Release|Any CPU
		{418CB2C8-2B20-401D-9D10-C424DFEFA023}.AppStore|Any CPU.Deploy.0 = Release|Any CPU
		{418CB2C8-2B20-401D-9D10-C424DFEFA023}.AppStore|ARM.ActiveCfg = Release|Any CPU
		{418CB2C8-2B20-401D-9D10-C424DFEFA023}.AppStore|ARM.Build.0 = Release|Any CPU
		{418CB2C8-2B20-401D-9D10-C424DFEFA023}.AppStore|ARM.Deploy.0 = Release|Any CPU
		{418CB2C8-2B20-401D-9D10-C424DFEFA023}.AppStore|iPhone.ActiveCfg = Release|Any CPU
		{418CB2C8-2B20-401D-9D10-C424DFEFA023}.AppStore|iPhone.Build.0 = Release|Any CPU
		{418CB2C8-2B20-401D-9D10-C424DFEFA023}.AppStore|iPhone.Deploy.0 = Release|Any CPU
		{418CB2C8-2B20-401D-9D10-C424DFEFA023}.AppStore|iPhoneSimulator.ActiveCfg = Release|Any CPU
		{418CB2C8-2B20-401D-9D10-C424DFEFA023}.AppStore|iPhoneSimulator.Build.0 = Release|Any CPU
		{418CB2C8-2B20-401D-9D10-C424DFEFA023}.AppStore|iPhoneSimulator.Deploy.0 = Release|Any CPU
		{418CB2C8-2B20-401D-9D10-C424DFEFA023}.AppStore|x64.ActiveCfg = Release|Any CPU
		{418CB2C8-2B20-401D-9D10-C424DFEFA023}.AppStore|x64.Build.0 = Release|Any CPU
		{418CB2C8-2B20-401D-9D10-C424DFEFA023}.AppStore|x64.Deploy.0 = Release|Any CPU
		{418CB2C8-2B20-401D-9D10-C424DFEFA023}.AppStore|x86.ActiveCfg = Release|Any CPU
		{418CB2C8-2B20-401D-9D10-C424DFEFA023}.AppStore|x86.Build.0 = Release|Any CPU
		{418CB2C8-2B20-401D-9D10-C424DFEFA023}.AppStore|x86.Deploy.0 = Release|Any CPU
		{418CB2C8-2B20-401D-9D10-C424DFEFA023}.Debug|Any CPU.ActiveCfg = Debug|Any CPU
		{418CB2C8-2B20-401D-9D10-C424DFEFA023}.Debug|Any CPU.Build.0 = Debug|Any CPU
		{418CB2C8-2B20-401D-9D10-C424DFEFA023}.Debug|Any CPU.Deploy.0 = Debug|Any CPU
		{418CB2C8-2B20-401D-9D10-C424DFEFA023}.Debug|ARM.ActiveCfg = Debug|Any CPU
		{418CB2C8-2B20-401D-9D10-C424DFEFA023}.Debug|ARM.Build.0 = Debug|Any CPU
		{418CB2C8-2B20-401D-9D10-C424DFEFA023}.Debug|ARM.Deploy.0 = Debug|Any CPU
		{418CB2C8-2B20-401D-9D10-C424DFEFA023}.Debug|iPhone.ActiveCfg = Debug|Any CPU
		{418CB2C8-2B20-401D-9D10-C424DFEFA023}.Debug|iPhone.Build.0 = Debug|Any CPU
		{418CB2C8-2B20-401D-9D10-C424DFEFA023}.Debug|iPhone.Deploy.0 = Debug|Any CPU
		{418CB2C8-2B20-401D-9D10-C424DFEFA023}.Debug|iPhoneSimulator.ActiveCfg = Debug|Any CPU
		{418CB2C8-2B20-401D-9D10-C424DFEFA023}.Debug|iPhoneSimulator.Build.0 = Debug|Any CPU
		{418CB2C8-2B20-401D-9D10-C424DFEFA023}.Debug|iPhoneSimulator.Deploy.0 = Debug|Any CPU
		{418CB2C8-2B20-401D-9D10-C424DFEFA023}.Debug|x64.ActiveCfg = Debug|Any CPU
		{418CB2C8-2B20-401D-9D10-C424DFEFA023}.Debug|x64.Build.0 = Debug|Any CPU
		{418CB2C8-2B20-401D-9D10-C424DFEFA023}.Debug|x64.Deploy.0 = Debug|Any CPU
		{418CB2C8-2B20-401D-9D10-C424DFEFA023}.Debug|x86.ActiveCfg = Debug|Any CPU
		{418CB2C8-2B20-401D-9D10-C424DFEFA023}.Debug|x86.Build.0 = Debug|Any CPU
		{418CB2C8-2B20-401D-9D10-C424DFEFA023}.Debug|x86.Deploy.0 = Debug|Any CPU
		{418CB2C8-2B20-401D-9D10-C424DFEFA023}.Release|Any CPU.ActiveCfg = Release|Any CPU
		{418CB2C8-2B20-401D-9D10-C424DFEFA023}.Release|Any CPU.Build.0 = Release|Any CPU
		{418CB2C8-2B20-401D-9D10-C424DFEFA023}.Release|Any CPU.Deploy.0 = Release|Any CPU
		{418CB2C8-2B20-401D-9D10-C424DFEFA023}.Release|ARM.ActiveCfg = Release|Any CPU
		{418CB2C8-2B20-401D-9D10-C424DFEFA023}.Release|ARM.Build.0 = Release|Any CPU
		{418CB2C8-2B20-401D-9D10-C424DFEFA023}.Release|ARM.Deploy.0 = Release|Any CPU
		{418CB2C8-2B20-401D-9D10-C424DFEFA023}.Release|iPhone.ActiveCfg = Release|Any CPU
		{418CB2C8-2B20-401D-9D10-C424DFEFA023}.Release|iPhone.Build.0 = Release|Any CPU
		{418CB2C8-2B20-401D-9D10-C424DFEFA023}.Release|iPhone.Deploy.0 = Release|Any CPU
		{418CB2C8-2B20-401D-9D10-C424DFEFA023}.Release|iPhoneSimulator.ActiveCfg = Release|Any CPU
		{418CB2C8-2B20-401D-9D10-C424DFEFA023}.Release|iPhoneSimulator.Build.0 = Release|Any CPU
		{418CB2C8-2B20-401D-9D10-C424DFEFA023}.Release|iPhoneSimulator.Deploy.0 = Release|Any CPU
		{418CB2C8-2B20-401D-9D10-C424DFEFA023}.Release|x64.ActiveCfg = Release|Any CPU
		{418CB2C8-2B20-401D-9D10-C424DFEFA023}.Release|x64.Build.0 = Release|Any CPU
		{418CB2C8-2B20-401D-9D10-C424DFEFA023}.Release|x64.Deploy.0 = Release|Any CPU
		{418CB2C8-2B20-401D-9D10-C424DFEFA023}.Release|x86.ActiveCfg = Release|Any CPU
		{418CB2C8-2B20-401D-9D10-C424DFEFA023}.Release|x86.Build.0 = Release|Any CPU
		{418CB2C8-2B20-401D-9D10-C424DFEFA023}.Release|x86.Deploy.0 = Release|Any CPU
		{79CCFE1B-D851-429F-8EEF-59CB96E7D832}.Ad-Hoc|Any CPU.ActiveCfg = Ad-Hoc|iPhone
		{79CCFE1B-D851-429F-8EEF-59CB96E7D832}.Ad-Hoc|ARM.ActiveCfg = Ad-Hoc|iPhone
		{79CCFE1B-D851-429F-8EEF-59CB96E7D832}.Ad-Hoc|iPhone.ActiveCfg = Ad-Hoc|iPhone
		{79CCFE1B-D851-429F-8EEF-59CB96E7D832}.Ad-Hoc|iPhone.Build.0 = Ad-Hoc|iPhone
		{79CCFE1B-D851-429F-8EEF-59CB96E7D832}.Ad-Hoc|iPhoneSimulator.ActiveCfg = Ad-Hoc|iPhoneSimulator
		{79CCFE1B-D851-429F-8EEF-59CB96E7D832}.Ad-Hoc|iPhoneSimulator.Build.0 = Ad-Hoc|iPhoneSimulator
		{79CCFE1B-D851-429F-8EEF-59CB96E7D832}.Ad-Hoc|x64.ActiveCfg = Ad-Hoc|iPhone
		{79CCFE1B-D851-429F-8EEF-59CB96E7D832}.Ad-Hoc|x86.ActiveCfg = Ad-Hoc|iPhone
		{79CCFE1B-D851-429F-8EEF-59CB96E7D832}.AppStore|Any CPU.ActiveCfg = AppStore|iPhone
		{79CCFE1B-D851-429F-8EEF-59CB96E7D832}.AppStore|ARM.ActiveCfg = AppStore|iPhone
		{79CCFE1B-D851-429F-8EEF-59CB96E7D832}.AppStore|iPhone.ActiveCfg = AppStore|iPhone
		{79CCFE1B-D851-429F-8EEF-59CB96E7D832}.AppStore|iPhone.Build.0 = AppStore|iPhone
		{79CCFE1B-D851-429F-8EEF-59CB96E7D832}.AppStore|iPhoneSimulator.ActiveCfg = AppStore|iPhoneSimulator
		{79CCFE1B-D851-429F-8EEF-59CB96E7D832}.AppStore|iPhoneSimulator.Build.0 = AppStore|iPhoneSimulator
		{79CCFE1B-D851-429F-8EEF-59CB96E7D832}.AppStore|x64.ActiveCfg = AppStore|iPhone
		{79CCFE1B-D851-429F-8EEF-59CB96E7D832}.AppStore|x86.ActiveCfg = AppStore|iPhone
		{79CCFE1B-D851-429F-8EEF-59CB96E7D832}.Debug|Any CPU.ActiveCfg = Debug|iPhone
		{79CCFE1B-D851-429F-8EEF-59CB96E7D832}.Debug|ARM.ActiveCfg = Debug|iPhone
		{79CCFE1B-D851-429F-8EEF-59CB96E7D832}.Debug|iPhone.ActiveCfg = Debug|iPhone
		{79CCFE1B-D851-429F-8EEF-59CB96E7D832}.Debug|iPhone.Build.0 = Debug|iPhone
		{79CCFE1B-D851-429F-8EEF-59CB96E7D832}.Debug|iPhoneSimulator.ActiveCfg = Debug|iPhoneSimulator
		{79CCFE1B-D851-429F-8EEF-59CB96E7D832}.Debug|iPhoneSimulator.Build.0 = Debug|iPhoneSimulator
		{79CCFE1B-D851-429F-8EEF-59CB96E7D832}.Debug|x64.ActiveCfg = Debug|iPhone
		{79CCFE1B-D851-429F-8EEF-59CB96E7D832}.Debug|x86.ActiveCfg = Debug|iPhone
		{79CCFE1B-D851-429F-8EEF-59CB96E7D832}.Release|Any CPU.ActiveCfg = Release|iPhone
		{79CCFE1B-D851-429F-8EEF-59CB96E7D832}.Release|ARM.ActiveCfg = Release|iPhone
		{79CCFE1B-D851-429F-8EEF-59CB96E7D832}.Release|iPhone.ActiveCfg = Release|iPhone
		{79CCFE1B-D851-429F-8EEF-59CB96E7D832}.Release|iPhone.Build.0 = Release|iPhone
		{79CCFE1B-D851-429F-8EEF-59CB96E7D832}.Release|iPhoneSimulator.ActiveCfg = Release|iPhoneSimulator
		{79CCFE1B-D851-429F-8EEF-59CB96E7D832}.Release|iPhoneSimulator.Build.0 = Release|iPhoneSimulator
		{79CCFE1B-D851-429F-8EEF-59CB96E7D832}.Release|x64.ActiveCfg = Release|iPhone
		{79CCFE1B-D851-429F-8EEF-59CB96E7D832}.Release|x86.ActiveCfg = Release|iPhone
		{1AF85353-BC9B-4830-8FD4-00F82B984A2C}.Ad-Hoc|Any CPU.ActiveCfg = Release|Any CPU
		{1AF85353-BC9B-4830-8FD4-00F82B984A2C}.Ad-Hoc|Any CPU.Build.0 = Release|Any CPU
		{1AF85353-BC9B-4830-8FD4-00F82B984A2C}.Ad-Hoc|Any CPU.Deploy.0 = Release|Any CPU
		{1AF85353-BC9B-4830-8FD4-00F82B984A2C}.Ad-Hoc|ARM.ActiveCfg = Release|ARM
		{1AF85353-BC9B-4830-8FD4-00F82B984A2C}.Ad-Hoc|ARM.Build.0 = Release|ARM
		{1AF85353-BC9B-4830-8FD4-00F82B984A2C}.Ad-Hoc|ARM.Deploy.0 = Release|ARM
		{1AF85353-BC9B-4830-8FD4-00F82B984A2C}.Ad-Hoc|iPhone.ActiveCfg = Release|Any CPU
		{1AF85353-BC9B-4830-8FD4-00F82B984A2C}.Ad-Hoc|iPhone.Build.0 = Release|Any CPU
		{1AF85353-BC9B-4830-8FD4-00F82B984A2C}.Ad-Hoc|iPhone.Deploy.0 = Release|Any CPU
		{1AF85353-BC9B-4830-8FD4-00F82B984A2C}.Ad-Hoc|iPhoneSimulator.ActiveCfg = Release|Any CPU
		{1AF85353-BC9B-4830-8FD4-00F82B984A2C}.Ad-Hoc|iPhoneSimulator.Build.0 = Release|Any CPU
		{1AF85353-BC9B-4830-8FD4-00F82B984A2C}.Ad-Hoc|iPhoneSimulator.Deploy.0 = Release|Any CPU
		{1AF85353-BC9B-4830-8FD4-00F82B984A2C}.Ad-Hoc|x64.ActiveCfg = Release|Any CPU
		{1AF85353-BC9B-4830-8FD4-00F82B984A2C}.Ad-Hoc|x64.Build.0 = Release|Any CPU
		{1AF85353-BC9B-4830-8FD4-00F82B984A2C}.Ad-Hoc|x64.Deploy.0 = Release|Any CPU
		{1AF85353-BC9B-4830-8FD4-00F82B984A2C}.Ad-Hoc|x86.ActiveCfg = Release|x86
		{1AF85353-BC9B-4830-8FD4-00F82B984A2C}.Ad-Hoc|x86.Build.0 = Release|x86
		{1AF85353-BC9B-4830-8FD4-00F82B984A2C}.Ad-Hoc|x86.Deploy.0 = Release|x86
		{1AF85353-BC9B-4830-8FD4-00F82B984A2C}.AppStore|Any CPU.ActiveCfg = Release|Any CPU
		{1AF85353-BC9B-4830-8FD4-00F82B984A2C}.AppStore|Any CPU.Build.0 = Release|Any CPU
		{1AF85353-BC9B-4830-8FD4-00F82B984A2C}.AppStore|Any CPU.Deploy.0 = Release|Any CPU
		{1AF85353-BC9B-4830-8FD4-00F82B984A2C}.AppStore|ARM.ActiveCfg = Release|ARM
		{1AF85353-BC9B-4830-8FD4-00F82B984A2C}.AppStore|ARM.Build.0 = Release|ARM
		{1AF85353-BC9B-4830-8FD4-00F82B984A2C}.AppStore|ARM.Deploy.0 = Release|ARM
		{1AF85353-BC9B-4830-8FD4-00F82B984A2C}.AppStore|iPhone.ActiveCfg = Release|Any CPU
		{1AF85353-BC9B-4830-8FD4-00F82B984A2C}.AppStore|iPhone.Build.0 = Release|Any CPU
		{1AF85353-BC9B-4830-8FD4-00F82B984A2C}.AppStore|iPhone.Deploy.0 = Release|Any CPU
		{1AF85353-BC9B-4830-8FD4-00F82B984A2C}.AppStore|iPhoneSimulator.ActiveCfg = Release|Any CPU
		{1AF85353-BC9B-4830-8FD4-00F82B984A2C}.AppStore|iPhoneSimulator.Build.0 = Release|Any CPU
		{1AF85353-BC9B-4830-8FD4-00F82B984A2C}.AppStore|iPhoneSimulator.Deploy.0 = Release|Any CPU
		{1AF85353-BC9B-4830-8FD4-00F82B984A2C}.AppStore|x64.ActiveCfg = Release|Any CPU
		{1AF85353-BC9B-4830-8FD4-00F82B984A2C}.AppStore|x64.Build.0 = Release|Any CPU
		{1AF85353-BC9B-4830-8FD4-00F82B984A2C}.AppStore|x64.Deploy.0 = Release|Any CPU
		{1AF85353-BC9B-4830-8FD4-00F82B984A2C}.AppStore|x86.ActiveCfg = Release|x86
		{1AF85353-BC9B-4830-8FD4-00F82B984A2C}.AppStore|x86.Build.0 = Release|x86
		{1AF85353-BC9B-4830-8FD4-00F82B984A2C}.AppStore|x86.Deploy.0 = Release|x86
		{1AF85353-BC9B-4830-8FD4-00F82B984A2C}.Debug|Any CPU.ActiveCfg = Debug|Any CPU
		{1AF85353-BC9B-4830-8FD4-00F82B984A2C}.Debug|Any CPU.Build.0 = Debug|Any CPU
		{1AF85353-BC9B-4830-8FD4-00F82B984A2C}.Debug|Any CPU.Deploy.0 = Debug|Any CPU
		{1AF85353-BC9B-4830-8FD4-00F82B984A2C}.Debug|ARM.ActiveCfg = Debug|ARM
		{1AF85353-BC9B-4830-8FD4-00F82B984A2C}.Debug|ARM.Build.0 = Debug|ARM
		{1AF85353-BC9B-4830-8FD4-00F82B984A2C}.Debug|ARM.Deploy.0 = Debug|ARM
		{1AF85353-BC9B-4830-8FD4-00F82B984A2C}.Debug|iPhone.ActiveCfg = Debug|Any CPU
		{1AF85353-BC9B-4830-8FD4-00F82B984A2C}.Debug|iPhone.Build.0 = Debug|Any CPU
		{1AF85353-BC9B-4830-8FD4-00F82B984A2C}.Debug|iPhone.Deploy.0 = Debug|Any CPU
		{1AF85353-BC9B-4830-8FD4-00F82B984A2C}.Debug|iPhoneSimulator.ActiveCfg = Debug|Any CPU
		{1AF85353-BC9B-4830-8FD4-00F82B984A2C}.Debug|iPhoneSimulator.Build.0 = Debug|Any CPU
		{1AF85353-BC9B-4830-8FD4-00F82B984A2C}.Debug|iPhoneSimulator.Deploy.0 = Debug|Any CPU
		{1AF85353-BC9B-4830-8FD4-00F82B984A2C}.Debug|x64.ActiveCfg = Debug|Any CPU
		{1AF85353-BC9B-4830-8FD4-00F82B984A2C}.Debug|x64.Build.0 = Debug|Any CPU
		{1AF85353-BC9B-4830-8FD4-00F82B984A2C}.Debug|x64.Deploy.0 = Debug|Any CPU
		{1AF85353-BC9B-4830-8FD4-00F82B984A2C}.Debug|x86.ActiveCfg = Debug|x86
		{1AF85353-BC9B-4830-8FD4-00F82B984A2C}.Debug|x86.Build.0 = Debug|x86
		{1AF85353-BC9B-4830-8FD4-00F82B984A2C}.Debug|x86.Deploy.0 = Debug|x86
		{1AF85353-BC9B-4830-8FD4-00F82B984A2C}.Release|Any CPU.ActiveCfg = Release|Any CPU
		{1AF85353-BC9B-4830-8FD4-00F82B984A2C}.Release|Any CPU.Build.0 = Release|Any CPU
		{1AF85353-BC9B-4830-8FD4-00F82B984A2C}.Release|Any CPU.Deploy.0 = Release|Any CPU
		{1AF85353-BC9B-4830-8FD4-00F82B984A2C}.Release|ARM.ActiveCfg = Release|ARM
		{1AF85353-BC9B-4830-8FD4-00F82B984A2C}.Release|ARM.Build.0 = Release|ARM
		{1AF85353-BC9B-4830-8FD4-00F82B984A2C}.Release|ARM.Deploy.0 = Release|ARM
		{1AF85353-BC9B-4830-8FD4-00F82B984A2C}.Release|iPhone.ActiveCfg = Release|Any CPU
		{1AF85353-BC9B-4830-8FD4-00F82B984A2C}.Release|iPhone.Build.0 = Release|Any CPU
		{1AF85353-BC9B-4830-8FD4-00F82B984A2C}.Release|iPhone.Deploy.0 = Release|Any CPU
		{1AF85353-BC9B-4830-8FD4-00F82B984A2C}.Release|iPhoneSimulator.ActiveCfg = Release|Any CPU
		{1AF85353-BC9B-4830-8FD4-00F82B984A2C}.Release|iPhoneSimulator.Build.0 = Release|Any CPU
		{1AF85353-BC9B-4830-8FD4-00F82B984A2C}.Release|iPhoneSimulator.Deploy.0 = Release|Any CPU
		{1AF85353-BC9B-4830-8FD4-00F82B984A2C}.Release|x64.ActiveCfg = Release|Any CPU
		{1AF85353-BC9B-4830-8FD4-00F82B984A2C}.Release|x64.Build.0 = Release|Any CPU
		{1AF85353-BC9B-4830-8FD4-00F82B984A2C}.Release|x64.Deploy.0 = Release|Any CPU
		{1AF85353-BC9B-4830-8FD4-00F82B984A2C}.Release|x86.ActiveCfg = Release|x86
		{1AF85353-BC9B-4830-8FD4-00F82B984A2C}.Release|x86.Build.0 = Release|x86
		{1AF85353-BC9B-4830-8FD4-00F82B984A2C}.Release|x86.Deploy.0 = Release|x86
		{24E9739E-AED2-41FB-AFB6-15741C52A720}.Ad-Hoc|Any CPU.ActiveCfg = Release|Any CPU
		{24E9739E-AED2-41FB-AFB6-15741C52A720}.Ad-Hoc|Any CPU.Build.0 = Release|Any CPU
		{24E9739E-AED2-41FB-AFB6-15741C52A720}.Ad-Hoc|Any CPU.Deploy.0 = Release|Any CPU
		{24E9739E-AED2-41FB-AFB6-15741C52A720}.Ad-Hoc|ARM.ActiveCfg = Release|ARM
		{24E9739E-AED2-41FB-AFB6-15741C52A720}.Ad-Hoc|ARM.Build.0 = Release|ARM
		{24E9739E-AED2-41FB-AFB6-15741C52A720}.Ad-Hoc|ARM.Deploy.0 = Release|ARM
		{24E9739E-AED2-41FB-AFB6-15741C52A720}.Ad-Hoc|iPhone.ActiveCfg = Release|Any CPU
		{24E9739E-AED2-41FB-AFB6-15741C52A720}.Ad-Hoc|iPhone.Build.0 = Release|Any CPU
		{24E9739E-AED2-41FB-AFB6-15741C52A720}.Ad-Hoc|iPhone.Deploy.0 = Release|Any CPU
		{24E9739E-AED2-41FB-AFB6-15741C52A720}.Ad-Hoc|iPhoneSimulator.ActiveCfg = Release|Any CPU
		{24E9739E-AED2-41FB-AFB6-15741C52A720}.Ad-Hoc|iPhoneSimulator.Build.0 = Release|Any CPU
		{24E9739E-AED2-41FB-AFB6-15741C52A720}.Ad-Hoc|iPhoneSimulator.Deploy.0 = Release|Any CPU
		{24E9739E-AED2-41FB-AFB6-15741C52A720}.Ad-Hoc|x64.ActiveCfg = Release|x64
		{24E9739E-AED2-41FB-AFB6-15741C52A720}.Ad-Hoc|x64.Build.0 = Release|x64
		{24E9739E-AED2-41FB-AFB6-15741C52A720}.Ad-Hoc|x64.Deploy.0 = Release|x64
		{24E9739E-AED2-41FB-AFB6-15741C52A720}.Ad-Hoc|x86.ActiveCfg = Release|x86
		{24E9739E-AED2-41FB-AFB6-15741C52A720}.Ad-Hoc|x86.Build.0 = Release|x86
		{24E9739E-AED2-41FB-AFB6-15741C52A720}.Ad-Hoc|x86.Deploy.0 = Release|x86
		{24E9739E-AED2-41FB-AFB6-15741C52A720}.AppStore|Any CPU.ActiveCfg = Release|Any CPU
		{24E9739E-AED2-41FB-AFB6-15741C52A720}.AppStore|Any CPU.Build.0 = Release|Any CPU
		{24E9739E-AED2-41FB-AFB6-15741C52A720}.AppStore|Any CPU.Deploy.0 = Release|Any CPU
		{24E9739E-AED2-41FB-AFB6-15741C52A720}.AppStore|ARM.ActiveCfg = Release|ARM
		{24E9739E-AED2-41FB-AFB6-15741C52A720}.AppStore|ARM.Build.0 = Release|ARM
		{24E9739E-AED2-41FB-AFB6-15741C52A720}.AppStore|ARM.Deploy.0 = Release|ARM
		{24E9739E-AED2-41FB-AFB6-15741C52A720}.AppStore|iPhone.ActiveCfg = Release|Any CPU
		{24E9739E-AED2-41FB-AFB6-15741C52A720}.AppStore|iPhone.Build.0 = Release|Any CPU
		{24E9739E-AED2-41FB-AFB6-15741C52A720}.AppStore|iPhone.Deploy.0 = Release|Any CPU
		{24E9739E-AED2-41FB-AFB6-15741C52A720}.AppStore|iPhoneSimulator.ActiveCfg = Release|Any CPU
		{24E9739E-AED2-41FB-AFB6-15741C52A720}.AppStore|iPhoneSimulator.Build.0 = Release|Any CPU
		{24E9739E-AED2-41FB-AFB6-15741C52A720}.AppStore|iPhoneSimulator.Deploy.0 = Release|Any CPU
		{24E9739E-AED2-41FB-AFB6-15741C52A720}.AppStore|x64.ActiveCfg = Release|x64
		{24E9739E-AED2-41FB-AFB6-15741C52A720}.AppStore|x64.Build.0 = Release|x64
		{24E9739E-AED2-41FB-AFB6-15741C52A720}.AppStore|x64.Deploy.0 = Release|x64
		{24E9739E-AED2-41FB-AFB6-15741C52A720}.AppStore|x86.ActiveCfg = Release|x86
		{24E9739E-AED2-41FB-AFB6-15741C52A720}.AppStore|x86.Build.0 = Release|x86
		{24E9739E-AED2-41FB-AFB6-15741C52A720}.AppStore|x86.Deploy.0 = Release|x86
		{24E9739E-AED2-41FB-AFB6-15741C52A720}.Debug|Any CPU.ActiveCfg = Debug|Any CPU
		{24E9739E-AED2-41FB-AFB6-15741C52A720}.Debug|Any CPU.Build.0 = Debug|Any CPU
		{24E9739E-AED2-41FB-AFB6-15741C52A720}.Debug|Any CPU.Deploy.0 = Debug|Any CPU
		{24E9739E-AED2-41FB-AFB6-15741C52A720}.Debug|ARM.ActiveCfg = Debug|ARM
		{24E9739E-AED2-41FB-AFB6-15741C52A720}.Debug|ARM.Build.0 = Debug|ARM
		{24E9739E-AED2-41FB-AFB6-15741C52A720}.Debug|ARM.Deploy.0 = Debug|ARM
		{24E9739E-AED2-41FB-AFB6-15741C52A720}.Debug|iPhone.ActiveCfg = Debug|Any CPU
		{24E9739E-AED2-41FB-AFB6-15741C52A720}.Debug|iPhone.Build.0 = Debug|Any CPU
		{24E9739E-AED2-41FB-AFB6-15741C52A720}.Debug|iPhone.Deploy.0 = Debug|Any CPU
		{24E9739E-AED2-41FB-AFB6-15741C52A720}.Debug|iPhoneSimulator.ActiveCfg = Debug|Any CPU
		{24E9739E-AED2-41FB-AFB6-15741C52A720}.Debug|iPhoneSimulator.Build.0 = Debug|Any CPU
		{24E9739E-AED2-41FB-AFB6-15741C52A720}.Debug|iPhoneSimulator.Deploy.0 = Debug|Any CPU
		{24E9739E-AED2-41FB-AFB6-15741C52A720}.Debug|x64.ActiveCfg = Debug|x64
		{24E9739E-AED2-41FB-AFB6-15741C52A720}.Debug|x64.Build.0 = Debug|x64
		{24E9739E-AED2-41FB-AFB6-15741C52A720}.Debug|x64.Deploy.0 = Debug|x64
		{24E9739E-AED2-41FB-AFB6-15741C52A720}.Debug|x86.ActiveCfg = Debug|x86
		{24E9739E-AED2-41FB-AFB6-15741C52A720}.Debug|x86.Build.0 = Debug|x86
		{24E9739E-AED2-41FB-AFB6-15741C52A720}.Debug|x86.Deploy.0 = Debug|x86
		{24E9739E-AED2-41FB-AFB6-15741C52A720}.Release|Any CPU.ActiveCfg = Release|Any CPU
		{24E9739E-AED2-41FB-AFB6-15741C52A720}.Release|Any CPU.Build.0 = Release|Any CPU
		{24E9739E-AED2-41FB-AFB6-15741C52A720}.Release|Any CPU.Deploy.0 = Release|Any CPU
		{24E9739E-AED2-41FB-AFB6-15741C52A720}.Release|ARM.ActiveCfg = Release|ARM
		{24E9739E-AED2-41FB-AFB6-15741C52A720}.Release|ARM.Build.0 = Release|ARM
		{24E9739E-AED2-41FB-AFB6-15741C52A720}.Release|ARM.Deploy.0 = Release|ARM
		{24E9739E-AED2-41FB-AFB6-15741C52A720}.Release|iPhone.ActiveCfg = Release|Any CPU
		{24E9739E-AED2-41FB-AFB6-15741C52A720}.Release|iPhone.Build.0 = Release|Any CPU
		{24E9739E-AED2-41FB-AFB6-15741C52A720}.Release|iPhone.Deploy.0 = Release|Any CPU
		{24E9739E-AED2-41FB-AFB6-15741C52A720}.Release|iPhoneSimulator.ActiveCfg = Release|Any CPU
		{24E9739E-AED2-41FB-AFB6-15741C52A720}.Release|iPhoneSimulator.Build.0 = Release|Any CPU
		{24E9739E-AED2-41FB-AFB6-15741C52A720}.Release|iPhoneSimulator.Deploy.0 = Release|Any CPU
		{24E9739E-AED2-41FB-AFB6-15741C52A720}.Release|x64.ActiveCfg = Release|x64
		{24E9739E-AED2-41FB-AFB6-15741C52A720}.Release|x64.Build.0 = Release|x64
		{24E9739E-AED2-41FB-AFB6-15741C52A720}.Release|x64.Deploy.0 = Release|x64
		{24E9739E-AED2-41FB-AFB6-15741C52A720}.Release|x86.ActiveCfg = Release|x86
		{24E9739E-AED2-41FB-AFB6-15741C52A720}.Release|x86.Build.0 = Release|x86
		{24E9739E-AED2-41FB-AFB6-15741C52A720}.Release|x86.Deploy.0 = Release|x86
	EndGlobalSection
	GlobalSection(SolutionProperties) = preSolution
		HideSolutionNode = FALSE
	EndGlobalSection
EndGlobal
